
Microsoft Visual Studio Solution File, Format Version 12.00
# Visual Studio Version 16
VisualStudioVersion = 16.0.30011.22
MinimumVisualStudioVersion = 10.0.40219.1
Project("{9A19103F-16F7-4668-BE54-9A1E7A4F7556}") = "Entity Framework", "Entity Framework.csproj", "{97C4EF9A-9F68-4337-B8AB-4D4ECAB92380}"
EndProject
Project("{9A19103F-16F7-4668-BE54-9A1E7A4F7556}") = "WpfUi", "..\WpfUi\WpfUi.csproj", "{26ACE5E6-8AE3-41DA-876A-F98FB3794E7B}"
EndProject
Project("{FAE04EC0-301F-11D3-BF4B-00C04F79EFBC}") = "DBFirst", "DBFirst\DBFirst.csproj", "{CDA65DC1-DF20-444D-BF48-C2B6441F8B05}"
EndProject
Project("{FAE04EC0-301F-11D3-BF4B-00C04F79EFBC}") = "TestDelegate", "..\TestDelegate\TestDelegate.csproj", "{B16DEDEA-432D-4187-B748-539A7F01A7DB}"
EndProject
Project("{FAE04EC0-301F-11D3-BF4B-00C04F79EFBC}") = "ASPNetTest", "..\ASPNetTest\ASPNetTest.csproj", "{8D0CF50E-8415-4F73-BEC7-9452D7B6C0B0}"
EndProject
Project("{FAE04EC0-301F-11D3-BF4B-00C04F79EFBC}") = "MVC", "MVC\MVC.csproj", "{CCECF090-8000-4354-8C6D-395A5A4B5CE7}"
EndProject
Project("{FAE04EC0-301F-11D3-BF4B-00C04F79EFBC}") = "ThreadTest", "..\ThreadTest\ThreadTest.csproj", "{9FDB08D8-2DC7-449B-8BB1-746521498D77}"
EndProject
Global
	GlobalSection(SolutionConfigurationPlatforms) = preSolution
		Debug|Any CPU = Debug|Any CPU
		Release|Any CPU = Release|Any CPU
	EndGlobalSection
	GlobalSection(ProjectConfigurationPlatforms) = postSolution
		{97C4EF9A-9F68-4337-B8AB-4D4ECAB92380}.Debug|Any CPU.ActiveCfg = Debug|Any CPU
		{97C4EF9A-9F68-4337-B8AB-4D4ECAB92380}.Debug|Any CPU.Build.0 = Debug|Any CPU
		{97C4EF9A-9F68-4337-B8AB-4D4ECAB92380}.Release|Any CPU.ActiveCfg = Release|Any CPU
		{97C4EF9A-9F68-4337-B8AB-4D4ECAB92380}.Release|Any CPU.Build.0 = Release|Any CPU
		{26ACE5E6-8AE3-41DA-876A-F98FB3794E7B}.Debug|Any CPU.ActiveCfg = Debug|Any CPU
		{26ACE5E6-8AE3-41DA-876A-F98FB3794E7B}.Debug|Any CPU.Build.0 = Debug|Any CPU
		{26ACE5E6-8AE3-41DA-876A-F98FB3794E7B}.Release|Any CPU.ActiveCfg = Release|Any CPU
		{26ACE5E6-8AE3-41DA-876A-F98FB3794E7B}.Release|Any CPU.Build.0 = Release|Any CPU
		{CDA65DC1-DF20-444D-BF48-C2B6441F8B05}.Debug|Any CPU.ActiveCfg = Debug|Any CPU
		{CDA65DC1-DF20-444D-BF48-C2B6441F8B05}.Debug|Any CPU.Build.0 = Debug|Any CPU
		{CDA65DC1-DF20-444D-BF48-C2B6441F8B05}.Release|Any CPU.ActiveCfg = Release|Any CPU
		{CDA65DC1-DF20-444D-BF48-C2B6441F8B05}.Release|Any CPU.Build.0 = Release|Any CPU
		{B16DEDEA-432D-4187-B748-539A7F01A7DB}.Debug|Any CPU.ActiveCfg = Debug|Any CPU
		{B16DEDEA-432D-4187-B748-539A7F01A7DB}.Debug|Any CPU.Build.0 = Debug|Any CPU
		{B16DEDEA-432D-4187-B748-539A7F01A7DB}.Release|Any CPU.ActiveCfg = Release|Any CPU
		{B16DEDEA-432D-4187-B748-539A7F01A7DB}.Release|Any CPU.Build.0 = Release|Any CPU
		{8D0CF50E-8415-4F73-BEC7-9452D7B6C0B0}.Debug|Any CPU.ActiveCfg = Debug|Any CPU
		{8D0CF50E-8415-4F73-BEC7-9452D7B6C0B0}.Debug|Any CPU.Build.0 = Debug|Any CPU
		{8D0CF50E-8415-4F73-BEC7-9452D7B6C0B0}.Release|Any CPU.ActiveCfg = Release|Any CPU
		{8D0CF50E-8415-4F73-BEC7-9452D7B6C0B0}.Release|Any CPU.Build.0 = Release|Any CPU
		{CCECF090-8000-4354-8C6D-395A5A4B5CE7}.Debug|Any CPU.ActiveCfg = Debug|Any CPU
		{CCECF090-8000-4354-8C6D-395A5A4B5CE7}.Debug|Any CPU.Build.0 = Debug|Any CPU
		{CCECF090-8000-4354-8C6D-395A5A4B5CE7}.Release|Any CPU.ActiveCfg = Release|Any CPU
		{CCECF090-8000-4354-8C6D-395A5A4B5CE7}.Release|Any CPU.Build.0 = Release|Any CPU
		{9FDB08D8-2DC7-449B-8BB1-746521498D77}.Debug|Any CPU.ActiveCfg = Debug|Any CPU
		{9FDB08D8-2DC7-449B-8BB1-746521498D77}.Debug|Any CPU.Build.0 = Debug|Any CPU
		{9FDB08D8-2DC7-449B-8BB1-746521498D77}.Release|Any CPU.ActiveCfg = Release|Any CPU
		{9FDB08D8-2DC7-449B-8BB1-746521498D77}.Release|Any CPU.Build.0 = Release|Any CPU
	EndGlobalSection
	GlobalSection(SolutionProperties) = preSolution
		HideSolutionNode = FALSE
	EndGlobalSection
	GlobalSection(ExtensibilityGlobals) = postSolution
		SolutionGuid = {3B9E03E7-8773-4391-B918-ADACCFDE1251}
	EndGlobalSection
EndGlobal
